Microsoft Visual Studio Solution File, Format Version 12.00
# Visual Studio Version 17
VisualStudioVersion = 17.0.31903.59
MinimumVisualStudioVersion = 10.0.40219.1
Project("{FAE04EC0-301F-11D3-BF4B-00C04F79EFBC}") = "Telematic.AssettoServer.Plugin", "Telematic.AssettoServer.Plugin.csproj", "{7D7B3D79-4F50-4F76-8ED8-0A4DA2A08601}"
EndProject
Project("{FAE04EC0-301F-11D3-BF4B-00C04F79EFBC}") = "Telematic.AssettoServer.Plugin.Tests", "tests\Telematic.AssettoServer.Plugin.Tests.csproj", "{A8B6C8E1-2D1A-4F63-9E34-1B6D7B3E1D22}"
EndProject
Global
	GlobalSection(SolutionConfigurationPlatforms) = preSolution
		Debug|Any CPU = Debug|Any CPU
		Release|Any CPU = Release|Any CPU
	EndGlobalSection
	GlobalSection(ProjectConfigurationPlatforms) = postSolution
		{7D7B3D79-4F50-4F76-8ED8-0A4DA2A08601}.Debug|Any CPU.ActiveCfg = Debug|Any CPU
		{7D7B3D79-4F50-4F76-8ED8-0A4DA2A08601}.Debug|Any CPU.Build.0 = Debug|Any CPU
		{7D7B3D79-4F50-4F76-8ED8-0A4DA2A08601}.Release|Any CPU.ActiveCfg = Release|Any CPU
		{7D7B3D79-4F50-4F76-8ED8-0A4DA2A08601}.Release|Any CPU.Build.0 = Release|Any CPU
		{A8B6C8E1-2D1A-4F63-9E34-1B6D7B3E1D22}.Debug|Any CPU.ActiveCfg = Debug|Any CPU
		{A8B6C8E1-2D1A-4F63-9E34-1B6D7B3E1D22}.Debug|Any CPU.Build.0 = Debug|Any CPU
		{A8B6C8E1-2D1A-4F63-9E34-1B6D7B3E1D22}.Release|Any CPU.ActiveCfg = Release|Any CPU
		{A8B6C8E1-2D1A-4F63-9E34-1B6D7B3E1D22}.Release|Any CPU.Build.0 = Release|Any CPU
	EndGlobalSection
EndGlobal
